
Microsoft Visual Studio Solution File, Format Version 12.00
# Visual Studio Version 16
VisualStudioVersion = 16.0.28729.10
MinimumVisualStudioVersion = 10.0.40219.1
Project("{FAE04EC0-301F-11D3-BF4B-00C04F79EFBC}") = "TextToSpeech", "SpeechToText\TextToSpeech.csproj", "{61407025-8335-458D-8C2D-32B56FE658F6}"
EndProject
Global
	GlobalSection(SolutionConfigurationPlatforms) = preSolution
		Debug|Any CPU = Debug|Any CPU
		Release|Any CPU = Release|Any CPU
	EndGlobalSection
	GlobalSection(ProjectConfigurationPlatforms) = postSolution
		{61407025-8335-458D-8C2D-32B56FE658F6}.Debug|Any CPU.ActiveCfg = Debug|Any CPU
		{61407025-8335-458D-8C2D-32B56FE658F6}.Debug|Any CPU.Build.0 = Debug|Any CPU
		{61407025-8335-458D-8C2D-32B56FE658F6}.Release|Any CPU.ActiveCfg = Release|Any CPU
		{61407025-8335-458D-8C2D-32B56FE658F6}.Release|Any CPU.Build.0 = Release|Any CPU
	EndGlobalSection
	GlobalSection(SolutionProperties) = preSolution
		HideSolutionNode = FALSE
	EndGlobalSection
	GlobalSection(ExtensibilityGlobals) = postSolution
		SolutionGuid = {C233E6AD-E2FA-4927-B782-C13FCCDB908F}
	EndGlobalSection
EndGlobal
